
Microsoft Visual Studio Solution File, Format Version 12.00
# Visual Studio Version 16
VisualStudioVersion = 16.0.29020.237
MinimumVisualStudioVersion = 10.0.40219.1
Project("{FAE04EC0-301F-11D3-BF4B-00C04F79EFBC}") = "06-Fiap.Web.AspNet", "06-Fiap.Web.AspNet\06-Fiap.Web.AspNet.csproj", "{BD65DB76-C88E-4B33-A11D-510BB9A5B159}"
EndProject
Global
	GlobalSection(SolutionConfigurationPlatforms) = preSolution
		Debug|Any CPU = Debug|Any CPU
		Release|Any CPU = Release|Any CPU
	EndGlobalSection
	GlobalSection(ProjectConfigurationPlatforms) = postSolution
		{BD65DB76-C88E-4B33-A11D-510BB9A5B159}.Debug|Any CPU.ActiveCfg = Debug|Any CPU
		{BD65DB76-C88E-4B33-A11D-510BB9A5B159}.Debug|Any CPU.Build.0 = Debug|Any CPU
		{BD65DB76-C88E-4B33-A11D-510BB9A5B159}.Release|Any CPU.ActiveCfg = Release|Any CPU
		{BD65DB76-C88E-4B33-A11D-510BB9A5B159}.Release|Any CPU.Build.0 = Release|Any CPU
	EndGlobalSection
	GlobalSection(SolutionProperties) = preSolution
		HideSolutionNode = FALSE
	EndGlobalSection
	GlobalSection(ExtensibilityGlobals) = postSolution
		SolutionGuid = {B63D6E51-CAE7-4D28-9BF0-D8DB66074347}
	EndGlobalSection
EndGlobal
