
Microsoft Visual Studio Solution File, Format Version 12.00
# Visual Studio Version 16
VisualStudioVersion = 16.0.29020.237
MinimumVisualStudioVersion = 10.0.40219.1
Project("{FAE04EC0-301F-11D3-BF4B-00C04F79EFBC}") = "01-Fiap.UI.HelloWorld", "01-Fiap.UI.HelloWorld\01-Fiap.UI.HelloWorld.csproj", "{72FA9BC8-575D-4204-812E-C84A2C13700C}"
EndProject
Global
	GlobalSection(SolutionConfigurationPlatforms) = preSolution
		Debug|Any CPU = Debug|Any CPU
		Release|Any CPU = Release|Any CPU
	EndGlobalSection
	GlobalSection(ProjectConfigurationPlatforms) = postSolution
		{72FA9BC8-575D-4204-812E-C84A2C13700C}.Debug|Any CPU.ActiveCfg = Debug|Any CPU
		{72FA9BC8-575D-4204-812E-C84A2C13700C}.Debug|Any CPU.Build.0 = Debug|Any CPU
		{72FA9BC8-575D-4204-812E-C84A2C13700C}.Release|Any CPU.ActiveCfg = Release|Any CPU
		{72FA9BC8-575D-4204-812E-C84A2C13700C}.Release|Any CPU.Build.0 = Release|Any CPU
	EndGlobalSection
	GlobalSection(SolutionProperties) = preSolution
		HideSolutionNode = FALSE
	EndGlobalSection
	GlobalSection(ExtensibilityGlobals) = postSolution
		SolutionGuid = {A9627C3A-9E5B-46F9-8A7C-EE7573812F62}
	EndGlobalSection
EndGlobal
