
Microsoft Visual Studio Solution File, Format Version 12.00
# Visual Studio Version 16
VisualStudioVersion = 16.0.29020.237
MinimumVisualStudioVersion = 10.0.40219.1
Project("{FAE04EC0-301F-11D3-BF4B-00C04F79EFBC}") = "02-Fiap.Web.AspNet", "02-Fiap.Web.AspNet\02-Fiap.Web.AspNet.csproj", "{8EE20B95-147B-4171-A128-02B753B95FCD}"
EndProject
Global
	GlobalSection(SolutionConfigurationPlatforms) = preSolution
		Debug|Any CPU = Debug|Any CPU
		Release|Any CPU = Release|Any CPU
	EndGlobalSection
	GlobalSection(ProjectConfigurationPlatforms) = postSolution
		{8EE20B95-147B-4171-A128-02B753B95FCD}.Debug|Any CPU.ActiveCfg = Debug|Any CPU
		{8EE20B95-147B-4171-A128-02B753B95FCD}.Debug|Any CPU.Build.0 = Debug|Any CPU
		{8EE20B95-147B-4171-A128-02B753B95FCD}.Release|Any CPU.ActiveCfg = Release|Any CPU
		{8EE20B95-147B-4171-A128-02B753B95FCD}.Release|Any CPU.Build.0 = Release|Any CPU
	EndGlobalSection
	GlobalSection(SolutionProperties) = preSolution
		HideSolutionNode = FALSE
	EndGlobalSection
	GlobalSection(ExtensibilityGlobals) = postSolution
		SolutionGuid = {54217CBA-1E51-4D05-B2CA-AF90604CBA7F}
	EndGlobalSection
EndGlobal
